
Microsoft Visual Studio Solution File, Format Version 12.00
# Visual Studio Version 17
VisualStudioVersion = 17.11.35327.3
MinimumVisualStudioVersion = 10.0.40219.1
Project("{9A19103F-16F7-4668-BE54-9A1E7A4F7556}") = "ZoDream.Authenticator", "ZoDream.Authenticator\ZoDream.Authenticator.csproj", "{AE3F0EA0-439B-4A2B-8D88-7C650B1CD53E}"
EndProject
Project("{9A19103F-16F7-4668-BE54-9A1E7A4F7556}") = "ZoDream.Shared", "ZoDream.Shared\ZoDream.Shared.csproj", "{D8B0B743-2CB0-43C7-9DFC-309E01C75F94}"
EndProject
Project("{9A19103F-16F7-4668-BE54-9A1E7A4F7556}") = "ZoDream.Tests", "ZoDream.Tests\ZoDream.Tests.csproj", "{0421A7F2-483D-40FC-B064-F0E88F56CA76}"
EndProject
Project("{9A19103F-16F7-4668-BE54-9A1E7A4F7556}") = "ZoDream.Shared.Database", "ZoDream.Shared.Database\ZoDream.Shared.Database.csproj", "{30193CF2-B052-420B-A73A-298307443318}"
EndProject
Project("{FAE04EC0-301F-11D3-BF4B-00C04F79EFBC}") = "ZoDream.Shared.Controls", "ZoDream.Shared.Controls\ZoDream.Shared.Controls.csproj", "{0F7D6600-9AA1-4E59-854A-F8CF5C127947}"
EndProject
Global
	GlobalSection(SolutionConfigurationPlatforms) = preSolution
		Debug|Any CPU = Debug|Any CPU
		Debug|ARM64 = Debug|ARM64
		Debug|x64 = Debug|x64
		Debug|x86 = Debug|x86
		Release|Any CPU = Release|Any CPU
		Release|ARM64 = Release|ARM64
		Release|x64 = Release|x64
		Release|x86 = Release|x86
	EndGlobalSection
	GlobalSection(ProjectConfigurationPlatforms) = postSolution
		{AE3F0EA0-439B-4A2B-8D88-7C650B1CD53E}.Debug|Any CPU.ActiveCfg = Debug|x64
		{AE3F0EA0-439B-4A2B-8D88-7C650B1CD53E}.Debug|Any CPU.Build.0 = Debug|x64
		{AE3F0EA0-439B-4A2B-8D88-7C650B1CD53E}.Debug|Any CPU.Deploy.0 = Debug|x64
		{AE3F0EA0-439B-4A2B-8D88-7C650B1CD53E}.Debug|ARM64.ActiveCfg = Debug|ARM64
		{AE3F0EA0-439B-4A2B-8D88-7C650B1CD53E}.Debug|ARM64.Build.0 = Debug|ARM64
		{AE3F0EA0-439B-4A2B-8D88-7C650B1CD53E}.Debug|ARM64.Deploy.0 = Debug|ARM64
		{AE3F0EA0-439B-4A2B-8D88-7C650B1CD53E}.Debug|x64.ActiveCfg = Debug|x64
		{AE3F0EA0-439B-4A2B-8D88-7C650B1CD53E}.Debug|x64.Build.0 = Debug|x64
		{AE3F0EA0-439B-4A2B-8D88-7C650B1CD53E}.Debug|x64.Deploy.0 = Debug|x64
		{AE3F0EA0-439B-4A2B-8D88-7C650B1CD53E}.Debug|x86.ActiveCfg = Debug|x86
		{AE3F0EA0-439B-4A2B-8D88-7C650B1CD53E}.Debug|x86.Build.0 = Debug|x86
		{AE3F0EA0-439B-4A2B-8D88-7C650B1CD53E}.Debug|x86.Deploy.0 = Debug|x86
		{AE3F0EA0-439B-4A2B-8D88-7C650B1CD53E}.Release|Any CPU.ActiveCfg = Release|x64
		{AE3F0EA0-439B-4A2B-8D88-7C650B1CD53E}.Release|Any CPU.Build.0 = Release|x64
		{AE3F0EA0-439B-4A2B-8D88-7C650B1CD53E}.Release|Any CPU.Deploy.0 = Release|x64
		{AE3F0EA0-439B-4A2B-8D88-7C650B1CD53E}.Release|ARM64.ActiveCfg = Release|ARM64
		{AE3F0EA0-439B-4A2B-8D88-7C650B1CD53E}.Release|ARM64.Build.0 = Release|ARM64
		{AE3F0EA0-439B-4A2B-8D88-7C650B1CD53E}.Release|ARM64.Deploy.0 = Release|ARM64
		{AE3F0EA0-439B-4A2B-8D88-7C650B1CD53E}.Release|x64.ActiveCfg = Release|x64
		{AE3F0EA0-439B-4A2B-8D88-7C650B1CD53E}.Release|x64.Build.0 = Release|x64
		{AE3F0EA0-439B-4A2B-8D88-7C650B1CD53E}.Release|x64.Deploy.0 = Release|x64
		{AE3F0EA0-439B-4A2B-8D88-7C650B1CD53E}.Release|x86.ActiveCfg = Release|x86
		{AE3F0EA0-439B-4A2B-8D88-7C650B1CD53E}.Release|x86.Build.0 = Release|x86
		{AE3F0EA0-439B-4A2B-8D88-7C650B1CD53E}.Release|x86.Deploy.0 = Release|x86
		{D8B0B743-2CB0-43C7-9DFC-309E01C75F94}.Debug|Any CPU.ActiveCfg = Debug|Any CPU
		{D8B0B743-2CB0-43C7-9DFC-309E01C75F94}.Debug|Any CPU.Build.0 = Debug|Any CPU
		{D8B0B743-2CB0-43C7-9DFC-309E01C75F94}.Debug|ARM64.ActiveCfg = Debug|Any CPU
		{D8B0B743-2CB0-43C7-9DFC-309E01C75F94}.Debug|ARM64.Build.0 = Debug|Any CPU
		{D8B0B743-2CB0-43C7-9DFC-309E01C75F94}.Debug|x64.ActiveCfg = Debug|Any CPU
		{D8B0B743-2CB0-43C7-9DFC-309E01C75F94}.Debug|x64.Build.0 = Debug|Any CPU
		{D8B0B743-2CB0-43C7-9DFC-309E01C75F94}.Debug|x86.ActiveCfg = Debug|Any CPU
		{D8B0B743-2CB0-43C7-9DFC-309E01C75F94}.Debug|x86.Build.0 = Debug|Any CPU
		{D8B0B743-2CB0-43C7-9DFC-309E01C75F94}.Release|Any CPU.ActiveCfg = Release|Any CPU
		{D8B0B743-2CB0-43C7-9DFC-309E01C75F94}.Release|Any CPU.Build.0 = Release|Any CPU
		{D8B0B743-2CB0-43C7-9DFC-309E01C75F94}.Release|ARM64.ActiveCfg = Release|Any CPU
		{D8B0B743-2CB0-43C7-9DFC-309E01C75F94}.Release|ARM64.Build.0 = Release|Any CPU
		{D8B0B743-2CB0-43C7-9DFC-309E01C75F94}.Release|x64.ActiveCfg = Release|Any CPU
		{D8B0B743-2CB0-43C7-9DFC-309E01C75F94}.Release|x64.Build.0 = Release|Any CPU
		{D8B0B743-2CB0-43C7-9DFC-309E01C75F94}.Release|x86.ActiveCfg = Release|Any CPU
		{D8B0B743-2CB0-43C7-9DFC-309E01C75F94}.Release|x86.Build.0 = Release|Any CPU
		{0421A7F2-483D-40FC-B064-F0E88F56CA76}.Debug|Any CPU.ActiveCfg = Debug|Any CPU
		{0421A7F2-483D-40FC-B064-F0E88F56CA76}.Debug|Any CPU.Build.0 = Debug|Any CPU
		{0421A7F2-483D-40FC-B064-F0E88F56CA76}.Debug|ARM64.ActiveCfg = Debug|Any CPU
		{0421A7F2-483D-40FC-B064-F0E88F56CA76}.Debug|ARM64.Build.0 = Debug|Any CPU
		{0421A7F2-483D-40FC-B064-F0E88F56CA76}.Debug|x64.ActiveCfg = Debug|Any CPU
		{0421A7F2-483D-40FC-B064-F0E88F56CA76}.Debug|x64.Build.0 = Debug|Any CPU
		{0421A7F2-483D-40FC-B064-F0E88F56CA76}.Debug|x86.ActiveCfg = Debug|Any CPU
		{0421A7F2-483D-40FC-B064-F0E88F56CA76}.Debug|x86.Build.0 = Debug|Any CPU
		{0421A7F2-483D-40FC-B064-F0E88F56CA76}.Release|Any CPU.ActiveCfg = Release|Any CPU
		{0421A7F2-483D-40FC-B064-F0E88F56CA76}.Release|Any CPU.Build.0 = Release|Any CPU
		{0421A7F2-483D-40FC-B064-F0E88F56CA76}.Release|ARM64.ActiveCfg = Release|Any CPU
		{0421A7F2-483D-40FC-B064-F0E88F56CA76}.Release|ARM64.Build.0 = Release|Any CPU
		{0421A7F2-483D-40FC-B064-F0E88F56CA76}.Release|x64.ActiveCfg = Release|Any CPU
		{0421A7F2-483D-40FC-B064-F0E88F56CA76}.Release|x64.Build.0 = Release|Any CPU
		{0421A7F2-483D-40FC-B064-F0E88F56CA76}.Release|x86.ActiveCfg = Release|Any CPU
		{0421A7F2-483D-40FC-B064-F0E88F56CA76}.Release|x86.Build.0 = Release|Any CPU
		{30193CF2-B052-420B-A73A-298307443318}.Debug|Any CPU.ActiveCfg = Debug|Any CPU
		{30193CF2-B052-420B-A73A-298307443318}.Debug|Any CPU.Build.0 = Debug|Any CPU
		{30193CF2-B052-420B-A73A-298307443318}.Debug|ARM64.ActiveCfg = Debug|Any CPU
		{30193CF2-B052-420B-A73A-298307443318}.Debug|ARM64.Build.0 = Debug|Any CPU
		{30193CF2-B052-420B-A73A-298307443318}.Debug|x64.ActiveCfg = Debug|Any CPU
		{30193CF2-B052-420B-A73A-298307443318}.Debug|x64.Build.0 = Debug|Any CPU
		{30193CF2-B052-420B-A73A-298307443318}.Debug|x86.ActiveCfg = Debug|Any CPU
		{30193CF2-B052-420B-A73A-298307443318}.Debug|x86.Build.0 = Debug|Any CPU
		{30193CF2-B052-420B-A73A-298307443318}.Release|Any CPU.ActiveCfg = Release|Any CPU
		{30193CF2-B052-420B-A73A-298307443318}.Release|Any CPU.Build.0 = Release|Any CPU
		{30193CF2-B052-420B-A73A-298307443318}.Release|ARM64.ActiveCfg = Release|Any CPU
		{30193CF2-B052-420B-A73A-298307443318}.Release|ARM64.Build.0 = Release|Any CPU
		{30193CF2-B052-420B-A73A-298307443318}.Release|x64.ActiveCfg = Release|Any CPU
		{30193CF2-B052-420B-A73A-298307443318}.Release|x64.Build.0 = Release|Any CPU
		{30193CF2-B052-420B-A73A-298307443318}.Release|x86.ActiveCfg = Release|Any CPU
		{30193CF2-B052-420B-A73A-298307443318}.Release|x86.Build.0 = Release|Any CPU
		{0F7D6600-9AA1-4E59-854A-F8CF5C127947}.Debug|Any CPU.ActiveCfg = Debug|Any CPU
		{0F7D6600-9AA1-4E59-854A-F8CF5C127947}.Debug|Any CPU.Build.0 = Debug|Any CPU
		{0F7D6600-9AA1-4E59-854A-F8CF5C127947}.Debug|ARM64.ActiveCfg = Debug|Any CPU
		{0F7D6600-9AA1-4E59-854A-F8CF5C127947}.Debug|ARM64.Build.0 = Debug|Any CPU
		{0F7D6600-9AA1-4E59-854A-F8CF5C127947}.Debug|x64.ActiveCfg = Debug|Any CPU
		{0F7D6600-9AA1-4E59-854A-F8CF5C127947}.Debug|x64.Build.0 = Debug|Any CPU
		{0F7D6600-9AA1-4E59-854A-F8CF5C127947}.Debug|x86.ActiveCfg = Debug|Any CPU
		{0F7D6600-9AA1-4E59-854A-F8CF5C127947}.Debug|x86.Build.0 = Debug|Any CPU
		{0F7D6600-9AA1-4E59-854A-F8CF5C127947}.Release|Any CPU.ActiveCfg = Release|Any CPU
		{0F7D6600-9AA1-4E59-854A-F8CF5C127947}.Release|Any CPU.Build.0 = Release|Any CPU
		{0F7D6600-9AA1-4E59-854A-F8CF5C127947}.Release|ARM64.ActiveCfg = Release|Any CPU
		{0F7D6600-9AA1-4E59-854A-F8CF5C127947}.Release|ARM64.Build.0 = Release|Any CPU
		{0F7D6600-9AA1-4E59-854A-F8CF5C127947}.Release|x64.ActiveCfg = Release|Any CPU
		{0F7D6600-9AA1-4E59-854A-F8CF5C127947}.Release|x64.Build.0 = Release|Any CPU
		{0F7D6600-9AA1-4E59-854A-F8CF5C127947}.Release|x86.ActiveCfg = Release|Any CPU
		{0F7D6600-9AA1-4E59-854A-F8CF5C127947}.Release|x86.Build.0 = Release|Any CPU
	EndGlobalSection
	GlobalSection(SolutionProperties) = preSolution
		HideSolutionNode = FALSE
	EndGlobalSection
	GlobalSection(ExtensibilityGlobals) = postSolution
		SolutionGuid = {B678EE28-840E-4729-9D11-487A3549542F}
	EndGlobalSection
EndGlobal
